{
  "version": 4,
  "terraform_version": "1.14.1",
  "serial": 74,
  "lineage": "3e0ef7ef-1c8c-2bdb-3202-89fe85da5bf7",
  "outputs": {
    "public_ip": {
      "value": "98.93.151.123",
      "type": "string"
    },
    "website_url": {
      "value": "http://98.93.151.123",
      "type": "string"
    }
  },
  "resources": [
    {
      "mode": "data",
      "type": "aws_ami",
      "name": "al2",
      "provider": "provider[\"registry.terraform.io/hashicorp/aws\"]",
      "instances": [
        {
          "schema_version": 0,
          "attributes": {
            "allow_unsafe_filter": null,
            "architecture": "x86_64",
            "arn": "arn:aws:ec2:us-east-1::image/ami-0156001f0548e90b1",
            "block_device_mappings": [
              {
                "device_name": "/dev/xvda",
                "ebs": {
                  "delete_on_termination": "true",
                  "encrypted": "false",
                  "iops": "0",
                  "snapshot_id": "snap-0ea2b465cc56e487c",
                  "throughput": "0",
                  "volume_initialization_rate": "0",
                  "volume_size": "8",
                  "volume_type": "gp2"
                },
                "no_device": "",
                "virtual_name": ""
              }
            ],
            "boot_mode": "",
            "creation_date": "2025-11-21T08:38:04.000Z",
            "deprecation_time": "2026-02-19T00:00:00.000Z",
            "description": "Amazon Linux 2 AMI 2.0.20251121.0 x86_64 HVM gp2",
            "ena_support": true,
            "executable_users": null,
            "filter": [
              {
                "name": "name",
                "values": [
                  "amzn2-ami-hvm-*-x86_64-gp2"
                ]
              }
            ],
            "hypervisor": "xen",
            "id": "ami-0156001f0548e90b1",
            "image_id": "ami-0156001f0548e90b1",
            "image_location": "amazon/amzn2-ami-hvm-2.0.20251121.0-x86_64-gp2",
            "image_owner_alias": "amazon",
            "image_type": "machine",
            "imds_support": "",
            "include_deprecated": false,
            "kernel_id": "",
            "last_launched_time": "",
            "most_recent": true,
            "name": "amzn2-ami-hvm-2.0.20251121.0-x86_64-gp2",
            "name_regex": null,
            "owner_id": "137112412989",
            "owners": [
              "amazon"
            ],
            "platform": "",
            "platform_details": "Linux/UNIX",
            "product_codes": [],
            "public": true,
            "ramdisk_id": "",
            "region": "us-east-1",
            "root_device_name": "/dev/xvda",
            "root_device_type": "ebs",
            "root_snapshot_id": "snap-0ea2b465cc56e487c",
            "sriov_net_support": "simple",
            "state": "available",
            "state_reason": {
              "code": "UNSET",
              "message": "UNSET"
            },
            "tags": {},
            "timeouts": null,
            "tpm_support": "",
            "uefi_data": null,
            "usage_operation": "RunInstances",
            "virtualization_type": "hvm"
          },
          "sensitive_attributes": [],
          "identity_schema_version": 0
        }
      ]
    },
    {
      "mode": "managed",
      "type": "aws_instance",
      "name": "web",
      "provider": "provider[\"registry.terraform.io/hashicorp/aws\"]",
      "instances": [
        {
          "schema_version": 2,
          "attributes": {
            "ami": "ami-0156001f0548e90b1",
            "arn": "arn:aws:ec2:us-east-1:404692824390:instance/i-0889260198543b167",
            "associate_public_ip_address": true,
            "availability_zone": "us-east-1b",
            "capacity_reservation_specification": [
              {
                "capacity_reservation_preference": "open",
                "capacity_reservation_target": []
              }
            ],
            "cpu_options": [
              {
                "amd_sev_snp": "",
                "core_count": 1,
                "threads_per_core": 1
              }
            ],
            "credit_specification": [
              {
                "cpu_credits": "standard"
              }
            ],
            "disable_api_stop": false,
            "disable_api_termination": false,
            "ebs_block_device": [],
            "ebs_optimized": false,
            "enable_primary_ipv6": null,
            "enclave_options": [
              {
                "enabled": false
              }
            ],
            "ephemeral_block_device": [],
            "force_destroy": false,
            "get_password_data": false,
            "hibernation": false,
            "host_id": "",
            "host_resource_group_arn": null,
            "iam_instance_profile": "",
            "id": "i-0889260198543b167",
            "instance_initiated_shutdown_behavior": "stop",
            "instance_lifecycle": "",
            "instance_market_options": [],
            "instance_state": "running",
            "instance_type": "t2.micro",
            "ipv6_address_count": 0,
            "ipv6_addresses": [],
            "key_name": "",
            "launch_template": [],
            "maintenance_options": [
              {
                "auto_recovery": "default"
              }
            ],
            "metadata_options": [
              {
                "http_endpoint": "enabled",
                "http_protocol_ipv6": "disabled",
                "http_put_response_hop_limit": 1,
                "http_tokens": "optional",
                "instance_metadata_tags": "disabled"
              }
            ],
            "monitoring": false,
            "network_interface": [],
            "outpost_arn": "",
            "password_data": "",
            "placement_group": "",
            "placement_group_id": "",
            "placement_partition_number": 0,
            "primary_network_interface": [
              {
                "delete_on_termination": true,
                "network_interface_id": "eni-04ba247317518398d"
              }
            ],
            "primary_network_interface_id": "eni-04ba247317518398d",
            "private_dns": "ip-10-0-1-150.ec2.internal",
            "private_dns_name_options": [
              {
                "enable_resource_name_dns_a_record": false,
                "enable_resource_name_dns_aaaa_record": false,
                "hostname_type": "ip-name"
              }
            ],
            "private_ip": "10.0.1.150",
            "public_dns": "ec2-98-93-151-123.compute-1.amazonaws.com",
            "public_ip": "98.93.151.123",
            "region": "us-east-1",
            "root_block_device": [
              {
                "delete_on_termination": true,
                "device_name": "/dev/xvda",
                "encrypted": true,
                "iops": 3000,
                "kms_key_id": "arn:aws:kms:us-east-1:404692824390:key/a1909c72-e1f6-4ce4-9d43-44a67f204b94",
                "tags": null,
                "tags_all": {},
                "throughput": 125,
                "volume_id": "vol-004543edc1a70632e",
                "volume_size": 8,
                "volume_type": "gp3"
              }
            ],
            "secondary_private_ips": [],
            "security_groups": [],
            "source_dest_check": true,
            "spot_instance_request_id": "",
            "subnet_id": "subnet-00a11b3cf155187b9",
            "tags": {
              "Name": "Shivansh-Chaurasia-web"
            },
            "tags_all": {
              "Name": "Shivansh-Chaurasia-web"
            },
            "tenancy": "default",
            "timeouts": null,
            "user_data": "#!/bin/bash\r\nset -e\r\nyum update -y\r\namazon-linux-extras enable nginx1\r\nyum -y install nginx\r\ncat \u003e /usr/share/nginx/html/index.html \u003c\u003c'HTML'\r\n\u003c!DOCTYPE html\u003e\r\n\u003chtml lang=\"en\"\u003e\r\n\u003chead\u003e\r\n\u003cmeta charset=\"UTF-8\" /\u003e\r\n\u003ctitle\u003eResume - Shivansh Chaurasia\u003c/title\u003e\r\n\u003cstyle\u003e\r\n  body { font-family: Arial, sans-serif; padding: 30px; max-width: 900px; margin: auto; line-height: 1.6; }\r\n  h1 { margin-bottom: 5px; font-size: 32px; }\r\n  h2 { margin-top: 30px; border-bottom: 2px solid #333; padding-bottom: 5px; }\r\n  h3 { margin-top: 10px; font-size: 18px; }\r\n  .contact { color: #444; margin-bottom: 20px; }\r\n  ul { margin-top: 5px; }\r\n\u003c/style\u003e\r\n\u003c/head\u003e\r\n\r\n\u003cbody\u003e\r\n\r\n\u003ch1\u003eShivansh Chaurasia\u003c/h1\u003e\r\n\u003cdiv class=\"contact\"\u003e\r\n  Lucknow (226003) • 8081528660 • \u003ca href=\"mailto:shivansh3023@gmail.com\"\u003eshivansh3023@gmail.com\u003c/a\u003e\u003cbr\u003e\r\n  \u003ca href=\"https://www.linkedin.com/in/shivansh-chaurasia-715014258\"\u003eLinkedIn\u003c/a\u003e • \r\n  \u003ca href=\"https://github.com/Shivansh230367\"\u003eGitHub\u003c/a\u003e\r\n\u003c/div\u003e\r\n\r\n\u003ch2\u003eSummary\u003c/h2\u003e\r\n\u003cp\u003e\r\nVersatile and goal-oriented Computer Science Engineering student with strong foundations in \r\nsoftware development and cloud technologies. Skilled in full-stack web development, database \r\ndesign, NLP/AI, and problem-solving. Quick to adapt, collaborative, and eager to contribute across \r\nWeb Dev, Cloud, DevOps, and AI roles.\r\n\u003c/p\u003e\r\n\r\n\u003ch2\u003eEducation\u003c/h2\u003e\r\n\u003cp\u003e\r\n\u003cb\u003eB.Tech in Computer Science Engineering\u003c/b\u003e • Shri Ramswaroop Memorial College of Engineering and Management, Lucknow\u003cbr\u003e\r\n2022 – 2026\r\n\u003c/p\u003e\r\n\r\n\u003ch2\u003eProfessional Experience\u003c/h2\u003e\r\n\r\n\u003ch3\u003eAI Trainee — Edu Net Foundation (Remote) • Feb 2025 – Mar 2025\u003c/h3\u003e\r\n\u003cul\u003e\r\n  \u003cli\u003eDeveloped a sentiment analysis model achieving 85% accuracy.\u003c/li\u003e\r\n  \u003cli\u003eCollaborated on AI-powered feedback analysis tool improving insight accuracy by 25%.\u003c/li\u003e\r\n\u003c/ul\u003e\r\n\r\n\u003ch3\u003eWeb Developer Intern — Cothon Solutions (Remote) • Dec 2024 – Jan 2025\u003c/h3\u003e\r\n\u003cul\u003e\r\n  \u003cli\u003eParticipated in daily standups and demos, delivering 100% on-time project milestones.\u003c/li\u003e\r\n  \u003cli\u003eContributed to 30+ monthly code reviews, reducing review time \u0026 improving quality.\u003c/li\u003e\r\n\u003c/ul\u003e\r\n\r\n\u003ch3\u003eSubject Matter Expert — Synergy Edu-Services (Remote) • May 2021 – Sep 2021\u003c/h3\u003e\r\n\u003cul\u003e\r\n  \u003cli\u003eCreated 100+ educational modules for academic \u0026 industry needs.\u003c/li\u003e\r\n  \u003cli\u003eMaintained 98% accuracy under strict deadlines.\u003c/li\u003e\r\n\u003c/ul\u003e\r\n\r\n\u003ch2\u003eProjects\u003c/h2\u003e\r\n\u003cul\u003e\r\n  \u003cli\u003e\u003cb\u003eMulti-Document Q\u0026A Bot\u003c/b\u003e — RAG-based document querying for 20 PDFs (1000 pages each).\u003c/li\u003e\r\n  \u003cli\u003e\u003cb\u003eMulti-Lingual Document Translator\u003c/b\u003e — OCR + translation to 100+ languages.\u003c/li\u003e\r\n  \u003cli\u003e\u003cb\u003eNews-It\u003c/b\u003e — Full-stack app for personalized secure news from 150k+ sources.\u003c/li\u003e\r\n\u003c/ul\u003e\r\n\r\n\u003ch2\u003eCertifications\u003c/h2\u003e\r\n\u003cul\u003e\r\n  \u003cli\u003eAWS Cloud Practitioner Essentials\u003c/li\u003e\r\n  \u003cli\u003eOCI 2025 Certified DevOps Professional\u003c/li\u003e\r\n  \u003cli\u003eIntroduction to Front-End Development\u003c/li\u003e\r\n\u003c/ul\u003e\r\n\r\n\u003ch2\u003eSkills\u003c/h2\u003e\r\n\u003cb\u003eSoft Skills:\u003c/b\u003e Communication, Teamwork, Leadership, Adaptability\u003cbr\u003e\r\n\u003cb\u003eHard Skills:\u003c/b\u003e HTML, CSS, JavaScript, React.js, Python, Java\u003cbr\u003e\r\n\u003cb\u003eTools:\u003c/b\u003e VS Code, GitHub, AWS, Postman\r\n\r\n\u003c/body\u003e\r\n\u003c/html\u003e\r\n\r\nHTML\r\nchown -R nginx:nginx /usr/share/nginx/html\r\nchmod -R 750 /usr/share/nginx/html\r\n# basic security headers\r\ncat \u003e\u003e /etc/nginx/conf.d/security_headers.conf \u003c\u003c'NGX'\r\nadd_header X-Content-Type-Options nosniff;\r\nadd_header X-Frame-Options SAMEORIGIN;\r\nserver_tokens off;\r\nNGX\r\nsystemctl enable --now nginx\r\n",
            "user_data_base64": null,
            "user_data_replace_on_change": false,
            "volume_tags": null,
            "vpc_security_group_ids": [
              "sg-0a4c923c9daba78ee"
            ]
          },
          "sensitive_attributes": [],
          "identity_schema_version": 0,
          "identity": {
            "account_id": "404692824390",
            "id": "i-0889260198543b167",
            "region": "us-east-1"
          },
          "private": "eyJlMmJmYjczMC1lY2FhLTExZTYtOGY4OC0zNDM2M2JjN2M0YzAiOnsiY3JlYXRlIjo2MDAwMDAwMDAwMDAsImRlbGV0ZSI6MTIwMDAwMDAwMDAwMCwicmVhZCI6OTAwMDAwMDAwMDAwLCJ1cGRhdGUiOjYwMDAwMDAwMDAwMH0sInNjaGVtYV92ZXJzaW9uIjoiMiJ9",
          "dependencies": [
            "aws_key_pair.kp",
            "aws_security_group.web_sg",
            "aws_subnet.public",
            "aws_vpc.vpc",
            "data.aws_ami.al2"
          ]
        }
      ]
    },
    {
      "mode": "managed",
      "type": "aws_internet_gateway",
      "name": "igw",
      "provider": "provider[\"registry.terraform.io/hashicorp/aws\"]",
      "instances": [
        {
          "schema_version": 0,
          "attributes": {
            "arn": "arn:aws:ec2:us-east-1:404692824390:internet-gateway/igw-0caff31a202644091",
            "id": "igw-0caff31a202644091",
            "owner_id": "404692824390",
            "region": "us-east-1",
            "tags": {
              "Name": "Shivansh-Chaurasia-igw"
            },
            "tags_all": {
              "Name": "Shivansh-Chaurasia-igw"
            },
            "timeouts": null,
            "vpc_id": "vpc-049d391579bb0fd86"
          },
          "sensitive_attributes": [],
          "identity_schema_version": 0,
          "private": "eyJlMmJmYjczMC1lY2FhLTExZTYtOGY4OC0zNDM2M2JjN2M0YzAiOnsiY3JlYXRlIjoxMjAwMDAwMDAwMDAwLCJkZWxldGUiOjEyMDAwMDAwMDAwMDAsInVwZGF0ZSI6MTIwMDAwMDAwMDAwMH19",
          "dependencies": [
            "aws_vpc.vpc"
          ]
        }
      ]
    },
    {
      "mode": "managed",
      "type": "aws_route_table",
      "name": "public_rt",
      "provider": "provider[\"registry.terraform.io/hashicorp/aws\"]",
      "instances": [
        {
          "schema_version": 0,
          "attributes": {
            "arn": "arn:aws:ec2:us-east-1:404692824390:route-table/rtb-079058c8b790551cd",
            "id": "rtb-079058c8b790551cd",
            "owner_id": "404692824390",
            "propagating_vgws": [],
            "region": "us-east-1",
            "route": [
              {
                "carrier_gateway_id": "",
                "cidr_block": "0.0.0.0/0",
                "core_network_arn": "",
                "destination_prefix_list_id": "",
                "egress_only_gateway_id": "",
                "gateway_id": "igw-0caff31a202644091",
                "ipv6_cidr_block": "",
                "local_gateway_id": "",
                "nat_gateway_id": "",
                "network_interface_id": "",
                "transit_gateway_id": "",
                "vpc_endpoint_id": "",
                "vpc_peering_connection_id": ""
              }
            ],
            "tags": {
              "Name": "Shivansh-Chaurasia-public-rt"
            },
            "tags_all": {
              "Name": "Shivansh-Chaurasia-public-rt"
            },
            "timeouts": null,
            "vpc_id": "vpc-049d391579bb0fd86"
          },
          "sensitive_attributes": [],
          "identity_schema_version": 0,
          "identity": {
            "account_id": "404692824390",
            "id": "rtb-079058c8b790551cd",
            "region": "us-east-1"
          },
          "private": "eyJlMmJmYjczMC1lY2FhLTExZTYtOGY4OC0zNDM2M2JjN2M0YzAiOnsiY3JlYXRlIjozMDAwMDAwMDAwMDAsImRlbGV0ZSI6MzAwMDAwMDAwMDAwLCJ1cGRhdGUiOjEyMDAwMDAwMDAwMH19",
          "dependencies": [
            "aws_internet_gateway.igw",
            "aws_vpc.vpc"
          ]
        }
      ]
    },
    {
      "mode": "managed",
      "type": "aws_route_table_association",
      "name": "public_assoc",
      "provider": "provider[\"registry.terraform.io/hashicorp/aws\"]",
      "instances": [
        {
          "schema_version": 0,
          "attributes": {
            "gateway_id": "",
            "id": "rtbassoc-061450b14b131ff17",
            "region": "us-east-1",
            "route_table_id": "rtb-079058c8b790551cd",
            "subnet_id": "subnet-00a11b3cf155187b9",
            "timeouts": null
          },
          "sensitive_attributes": [],
          "identity_schema_version": 0,
          "private": "eyJlMmJmYjczMC1lY2FhLTExZTYtOGY4OC0zNDM2M2JjN2M0YzAiOnsiY3JlYXRlIjozMDAwMDAwMDAwMDAsImRlbGV0ZSI6MzAwMDAwMDAwMDAwLCJ1cGRhdGUiOjEyMDAwMDAwMDAwMH19",
          "dependencies": [
            "aws_internet_gateway.igw",
            "aws_route_table.public_rt",
            "aws_subnet.public",
            "aws_vpc.vpc"
          ]
        }
      ]
    },
    {
      "mode": "managed",
      "type": "aws_security_group",
      "name": "web_sg",
      "provider": "provider[\"registry.terraform.io/hashicorp/aws\"]",
      "instances": [
        {
          "schema_version": 1,
          "attributes": {
            "arn": "arn:aws:ec2:us-east-1:404692824390:security-group/sg-0a4c923c9daba78ee",
            "description": "Allow HTTP and optional SSH",
            "egress": [
              {
                "cidr_blocks": [
                  "0.0.0.0/0"
                ],
                "description": "All outbound",
                "from_port": 0,
                "ipv6_cidr_blocks": [],
                "prefix_list_ids": [],
                "protocol": "-1",
                "security_groups": [],
                "self": false,
                "to_port": 0
              }
            ],
            "id": "sg-0a4c923c9daba78ee",
            "ingress": [
              {
                "cidr_blocks": [
                  "0.0.0.0/0"
                ],
                "description": "HTTP",
                "from_port": 80,
                "ipv6_cidr_blocks": [],
                "prefix_list_ids": [],
                "protocol": "tcp",
                "security_groups": [],
                "self": false,
                "to_port": 80
              }
            ],
            "name": "Shivansh-Chaurasia-sg",
            "name_prefix": "",
            "owner_id": "404692824390",
            "region": "us-east-1",
            "revoke_rules_on_delete": false,
            "tags": {
              "Name": "Shivansh-Chaurasia-sg"
            },
            "tags_all": {
              "Name": "Shivansh-Chaurasia-sg"
            },
            "timeouts": null,
            "vpc_id": "vpc-049d391579bb0fd86"
          },
          "sensitive_attributes": [],
          "identity_schema_version": 0,
          "identity": {
            "account_id": "404692824390",
            "id": "sg-0a4c923c9daba78ee",
            "region": "us-east-1"
          },
          "private": "eyJlMmJmYjczMC1lY2FhLTExZTYtOGY4OC0zNDM2M2JjN2M0YzAiOnsiY3JlYXRlIjo2MDAwMDAwMDAwMDAsImRlbGV0ZSI6OTAwMDAwMDAwMDAwfSwic2NoZW1hX3ZlcnNpb24iOiIxIn0=",
          "dependencies": [
            "aws_vpc.vpc"
          ]
        }
      ]
    },
    {
      "mode": "managed",
      "type": "aws_subnet",
      "name": "public",
      "provider": "provider[\"registry.terraform.io/hashicorp/aws\"]",
      "instances": [
        {
          "schema_version": 1,
          "attributes": {
            "arn": "arn:aws:ec2:us-east-1:404692824390:subnet/subnet-00a11b3cf155187b9",
            "assign_ipv6_address_on_creation": false,
            "availability_zone": "us-east-1b",
            "availability_zone_id": "use1-az2",
            "cidr_block": "10.0.1.0/24",
            "customer_owned_ipv4_pool": "",
            "enable_dns64": false,
            "enable_lni_at_device_index": 0,
            "enable_resource_name_dns_a_record_on_launch": false,
            "enable_resource_name_dns_aaaa_record_on_launch": false,
            "id": "subnet-00a11b3cf155187b9",
            "ipv6_cidr_block": "",
            "ipv6_cidr_block_association_id": "",
            "ipv6_native": false,
            "map_customer_owned_ip_on_launch": false,
            "map_public_ip_on_launch": true,
            "outpost_arn": "",
            "owner_id": "404692824390",
            "private_dns_hostname_type_on_launch": "ip-name",
            "region": "us-east-1",
            "tags": {
              "Name": "Shivansh-Chaurasia-public-subnet"
            },
            "tags_all": {
              "Name": "Shivansh-Chaurasia-public-subnet"
            },
            "timeouts": null,
            "vpc_id": "vpc-049d391579bb0fd86"
          },
          "sensitive_attributes": [],
          "identity_schema_version": 0,
          "identity": {
            "account_id": "404692824390",
            "id": "subnet-00a11b3cf155187b9",
            "region": "us-east-1"
          },
          "private": "eyJlMmJmYjczMC1lY2FhLTExZTYtOGY4OC0zNDM2M2JjN2M0YzAiOnsiY3JlYXRlIjo2MDAwMDAwMDAwMDAsImRlbGV0ZSI6MTIwMDAwMDAwMDAwMH0sInNjaGVtYV92ZXJzaW9uIjoiMSJ9",
          "dependencies": [
            "aws_vpc.vpc"
          ]
        }
      ]
    },
    {
      "mode": "managed",
      "type": "aws_vpc",
      "name": "vpc",
      "provider": "provider[\"registry.terraform.io/hashicorp/aws\"]",
      "instances": [
        {
          "schema_version": 1,
          "attributes": {
            "arn": "arn:aws:ec2:us-east-1:404692824390:vpc/vpc-049d391579bb0fd86",
            "assign_generated_ipv6_cidr_block": false,
            "cidr_block": "10.0.0.0/16",
            "default_network_acl_id": "acl-0ac3a3a6aeb4f0bde",
            "default_route_table_id": "rtb-04f46d65a8d753620",
            "default_security_group_id": "sg-0545710a7de96278d",
            "dhcp_options_id": "dopt-05a961a6181fd7ddb",
            "enable_dns_hostnames": true,
            "enable_dns_support": true,
            "enable_network_address_usage_metrics": false,
            "id": "vpc-049d391579bb0fd86",
            "instance_tenancy": "default",
            "ipv4_ipam_pool_id": null,
            "ipv4_netmask_length": null,
            "ipv6_association_id": "",
            "ipv6_cidr_block": "",
            "ipv6_cidr_block_network_border_group": "",
            "ipv6_ipam_pool_id": "",
            "ipv6_netmask_length": 0,
            "main_route_table_id": "rtb-04f46d65a8d753620",
            "owner_id": "404692824390",
            "region": "us-east-1",
            "tags": {
              "Name": "Shivansh-Chaurasia-vpc"
            },
            "tags_all": {
              "Name": "Shivansh-Chaurasia-vpc"
            }
          },
          "sensitive_attributes": [],
          "identity_schema_version": 0,
          "identity": {
            "account_id": "404692824390",
            "id": "vpc-049d391579bb0fd86",
            "region": "us-east-1"
          },
          "private": "eyJzY2hlbWFfdmVyc2lvbiI6IjEifQ=="
        }
      ]
    }
  ],
  "check_results": null
}
